Microsoft Visual Studio Solution File, Format Version 12.00
# Visual Studio Version 17
VisualStudioVersion = 17.5.2.0
MinimumVisualStudioVersion = 10.0.40219.1
Project("{FAE04EC0-301F-11D3-BF4B-00C04F79EFBC}") = "DevHabit", "DevHabit.csproj", "{B6FFC424-8C1B-EC43-93B7-F17B4D2D276E}"
EndProject
Global
	GlobalSection(SolutionConfigurationPlatforms) = preSolution
		Debug|Any CPU = Debug|Any CPU
		Release|Any CPU = Release|Any CPU
	EndGlobalSection
	GlobalSection(ProjectConfigurationPlatforms) = postSolution
		{B6FFC424-8C1B-EC43-93B7-F17B4D2D276E}.Debug|Any CPU.ActiveCfg = Debug|Any CPU
		{B6FFC424-8C1B-EC43-93B7-F17B4D2D276E}.Debug|Any CPU.Build.0 = Debug|Any CPU
		{B6FFC424-8C1B-EC43-93B7-F17B4D2D276E}.Release|Any CPU.ActiveCfg = Release|Any CPU
		{B6FFC424-8C1B-EC43-93B7-F17B4D2D276E}.Release|Any CPU.Build.0 = Release|Any CPU
	EndGlobalSection
	GlobalSection(SolutionProperties) = preSolution
		HideSolutionNode = FALSE
	EndGlobalSection
	GlobalSection(ExtensibilityGlobals) = postSolution
		SolutionGuid = {E167368A-308A-4A1C-BBB9-48F5A575ACE7}
	EndGlobalSection
EndGlobal
